<?xml version="1.0" encoding="utf-8"?>
<Project ToolsVersion="4.0" xmlns="http://schemas.microsoft.com/developer/msbuild/2003">
  <ItemGroup>
    <Filter Include="Quelldateien">
      <UniqueIdentifier>{4FC737F1-C7A5-4376-A066-2A32D752A2FF}</UniqueIdentifier>
      <Extensions>cpp;c;cxx;def;odl;idl;hpj;bat;asm;asmx</Extensions>
    </Filter>
    <Filter Include="Headerdateien">
      <UniqueIdentifier>{93995380-89BD-4b04-88EB-625FBE52EBFB}</UniqueIdentifier>
      <Extensions>h;hpp;hxx;hm;inl;inc;xsd</Extensions>
    </Filter>
  </ItemGroup>
  <ItemGroup>
    <ClCompile Include="src\application.cpp">
      <Filter>Quelldateien</Filter>
    </ClCompile>
    <ClCompile Include="src\camera.cpp">
      <Filter>Quelldateien</Filter>
    </ClCompile>
    <ClCompile Include="src\fileio.cpp">
      <Filter>Quelldateien</Filter>
    </ClCompile>
    <ClCompile Include="src\graphics.cpp">
      <Filter>Quelldateien</Filter>
    </ClCompile>
    <ClCompile Include="src\input.cpp">
      <Filter>Quelldateien</Filter>
    </ClCompile>
    <ClCompile Include="src\resmanager.cpp">
      <Filter>Quelldateien</Filter>
    </ClCompile>
    <ClCompile Include="src\scene.cpp">
      <Filter>Quelldateien</Filter>
    </ClCompile>
    <ClCompile Include="src\stateblock.cpp">
      <Filter>Quelldateien</Filter>
    </ClCompile>
  </ItemGroup>
  <ItemGroup>
    <ClInclude Include="include\application.h">
      <Filter>Headerdateien</Filter>
    </ClInclude>
    <ClInclude Include="include\base.h">
      <Filter>Headerdateien</Filter>
    </ClInclude>
    <ClInclude Include="include\camera.h">
      <Filter>Headerdateien</Filter>
    </ClInclude>
    <ClInclude Include="include\entity.h">
      <Filter>Headerdateien</Filter>
    </ClInclude>
    <ClInclude Include="include\fileio.h">
      <Filter>Headerdateien</Filter>
    </ClInclude>
    <ClInclude Include="include\graphics.h">
      <Filter>Headerdateien</Filter>
    </ClInclude>
    <ClInclude Include="include\input.h">
      <Filter>Headerdateien</Filter>
    </ClInclude>
    <ClInclude Include="include\light.h">
      <Filter>Headerdateien</Filter>
    </ClInclude>
    <ClInclude Include="include\model.h">
      <Filter>Headerdateien</Filter>
    </ClInclude>
    <ClInclude Include="include\resmanager.h">
      <Filter>Headerdateien</Filter>
    </ClInclude>
    <ClInclude Include="include\scene.h">
      <Filter>Headerdateien</Filter>
    </ClInclude>
    <ClInclude Include="include\stateblock.h">
      <Filter>Headerdateien</Filter>
    </ClInclude>
    <ClInclude Include="include\texture.h">
      <Filter>Headerdateien</Filter>
    </ClInclude>
  </ItemGroup>
  <ItemGroup>
    <Text Include="license.txt" />
  </ItemGroup>
</Project>